// !$*UTF8*$!
{
	archiveVersion = 1;
	classes = {
	};
	objectVersion = 46;
	objects = {

/* Begin PBXBuildFile section */
		52D6765F1BBAEFC70034F5AC /* main.swift in Sources */ = {isa = PBXBuildFile; fileRef = 52D6765E1BBAEFC70034F5AC /* main.swift */; };
		52D676661BBAF0930034F5AC /* helpers.swift in Sources */ = {isa = PBXBuildFile; fileRef = 52D676651BBAF0930034F5AC /* helpers.swift */; settings = {ASSET_TAGS = (); }; };
/* End PBXBuildFile section */

/* Begin PBXCopyFilesBuildPhase section */
		52D676591BBAEFC70034F5AC /* CopyFiles */ = {
			isa = PBXCopyFilesBuildPhase;
			buildActionMask = 2147483647;
			dstPath = /usr/share/man/man1/;
			dstSubfolderSpec = 0;
			files = (
			);
			runOnlyForDeploymentPostprocessing = 1;
		};
/* End PBXCopyFilesBuildPhase section */

/* Begin PBXFileReference section */
		52D6765B1BBAEFC70034F5AC /* HigherLower */ = {isa = PBXFileReference; explicitFileType = "compiled.mach-o.executable"; includeInIndex = 0; path = HigherLower; sourceTree = BUILT_PRODUCTS_DIR; };
		52D6765E1BBAEFC70034F5AC /* main.swift */ = {isa = PBXFileReference; lastKnownFileType = sourcecode.swift; path = main.swift; sourceTree = "<group>"; };
		52D676651BBAF0930034F5AC /* helpers.swift */ = {isa = PBXFileReference; fileEncoding = 4; lastKnownFileType = sourcecode.swift; path = helpers.swift; sourceTree = "<group>"; };
/* End PBXFileReference section */

/* Begin PBXFrameworksBuildPhase section */
		52D676581BBAEFC70034F5AC /* Frameworks */ = {
			isa = PBXFrameworksBuildPhase;
			buildActionMask = 2147483647;
			files = (
			);
			runOnlyForDeploymentPostprocessing = 0;
		};
/* End PBXFrameworksBuildPhase section */

/* Begin PBXGroup section */
		52D676521BBAEFC70034F5AC = {
			isa = PBXGroup;
			children = (
				52D6765D1BBAEFC70034F5AC /* HigherLower */,
				52D6765C1BBAEFC70034F5AC /* Products */,
			);
			sourceTree = "<group>";
		};
		52D6765C1BBAEFC70034F5AC /* Products */ = {
			isa = PBXGroup;
			children = (
				52D6765B1BBAEFC70034F5AC /* HigherLower */,
			);
			name = Products;
			sourceTree = "<group>";
		};
		52D6765D1BBAEFC70034F5AC /* HigherLower */ = {
			isa = PBXGroup;
			children = (
				52D6765E1BBAEFC70034F5AC /* main.swift */,
				52D676651BBAF0930034F5AC /* helpers.swift */,
			);
			path = HigherLower;
			sourceTree = "<group>";
		};
/* End PBXGroup section */

/* Begin PBXNativeTarget section */
		52D6765A1BBAEFC70034F5AC /* HigherLower */ = {
			isa = PBXNativeTarget;
			buildConfigurationList = 52D676621BBAEFC70034F5AC /* Build configuration list for PBXNativeTarget "HigherLower" */;
			buildPhases = (
				52D676571BBAEFC70034F5AC /* Sources */,
				52D676581BBAEFC70034F5AC /* Frameworks */,
				52D676591BBAEFC70034F5AC /* CopyFiles */,
			);
			buildRules = (
			);
			dependencies = (
			);
			name = HigherLower;
			productName = HigherLower;
			productReference = 52D6765B1BBAEFC70034F5AC /* HigherLower */;
			productType = "com.apple.product-type.tool";
		};
/* End PBXNativeTarget section */

/* Begin PBXProject section */
		52D676531BBAEFC70034F5AC /* Project object */ = {
			isa = PBXProject;
			attributes = {
				LastUpgradeCheck = 0700;
				ORGANIZATIONNAME = "John Bogil";
				TargetAttributes = {
					52D6765A1BBAEFC70034F5AC = {
						CreatedOnToolsVersion = 7.0;
					};
				};
			};
			buildConfigurationList = 52D676561BBAEFC70034F5AC /* Build configuration list for PBXProject "HigherLower" */;
			compatibilityVersion = "Xcode 3.2";
			developmentRegion = English;
			hasScannedForEncodings = 0;
			knownRegions = (
				en,
			);
			mainGroup = 52D676521BBAEFC70034F5AC;
			productRefGroup = 52D6765C1BBAEFC70034F5AC /* Products */;
			projectDirPath = "";
			projectRoot = "";
			targets = (
				52D6765A1BBAEFC70034F5AC /* HigherLower */,
			);
		};
/* End PBXProject section */

/* Begin PBXSourcesBuildPhase section */
		52D676571BBAEFC70034F5AC /* Sources */ = {
			isa = PBXSourcesBuildPhase;
			buildActionMask = 2147483647;
			files = (
				52D6765F1BBAEFC70034F5AC /* main.swift in Sources */,
				52D676661BBAF0930034F5AC /* helpers.swift in Sources */,
			);
			runOnlyForDeploymentPostprocessing = 0;
		};
/* End PBXSourcesBuildPhase section */

/* Begin XCBuildConfiguration section */
		52D676601BBAEFC70034F5AC /* Debug */ = {
			isa = XCBuildConfiguration;
			buildSettings = {
				ALWAYS_SEARCH_USER_PATHS = NO;
				CLANG_CXX_LANGUAGE_STANDARD = "gnu++0x";
				CLANG_CXX_LIBRARY = "libc++";
				CLANG_ENABLE_MODULES = YES;
				CLANG_ENABLE_OBJC_ARC = YES;
				CLANG_WARN_BOOL_CONVERSION = YES;
				CLANG_WARN_CONSTANT_CONVERSION = YES;
				CLANG_WARN_DIRECT_OBJC_ISA_USAGE = YES_ERROR;
				CLANG_WARN_EMPTY_BODY = YES;
				CLANG_WARN_ENUM_CONVERSION = YES;
				CLANG_WARN_INT_CONVERSION = YES;
				CLANG_WARN_OBJC_ROOT_CLASS = YES_ERROR;
				CLANG_WARN_UNREACHABLE_CODE = YES;
				CLANG_WARN__DUPLICATE_METHOD_MATCH = YES;
				COPY_PHASE_STRIP = NO;
				DEBUG_INFORMATION_FORMAT = dwarf;
				ENABLE_STRICT_OBJC_MSGSEND = YES;
				ENABLE_TESTABILITY = YES;
				GCC_C_LANGUAGE_STANDARD = gnu99;
				GCC_DYNAMIC_NO_PIC = NO;
				GCC_NO_COMMON_BLOCKS = YES;
				GCC_OPTIMIZATION_LEVEL = 0;
				GCC_PREPROCESSOR_DEFINITIONS = (
					"DEBUG=1",
					"$(inherited)",
				);
				GCC_WARN_64_TO_32_BIT_CONVERSION = YES;
				GCC_WARN_ABOUT_RETURN_TYPE = YES_ERROR;
				GCC_WARN_UNDECLARED_SELECTOR = YES;
				GCC_WARN_UNINITIALIZED_AUTOS = YES_AGGRESSIVE;
				GCC_WARN_UNUSED_FUNCTION = YES;
				GCC_WARN_UNUSED_VARIABLE = YES;
				MACOSX_DEPLOYMENT_TARGET = 10.10;
				MTL_ENABLE_DEBUG_INFO = YES;
				ONLY_ACTIVE_ARCH = YES;
				SDKROOT = macosx;
				SWIFT_OPTIMIZATION_LEVEL = "-Onone";
			};
			name = Debug;
		};
		52D676611BBAEFC70034F5AC /* Release */ = {
			isa = XCBuildConfiguration;
			buildSettings = {
				ALWAYS_SEARCH_USER_PATHS = NO;
				CLANG_CXX_LANGUAGE_STANDARD = "gnu++0x";
				CLANG_CXX_LIBRARY = "libc++";
				CLANG_ENABLE_MODULES = YES;
				CLANG_ENABLE_OBJC_ARC = YES;
				CLANG_WARN_BOOL_CONVERSION = YES;
				CLANG_WARN_CONSTANT_CONVERSION = YES;
				CLANG_WARN_DIRECT_OBJC_ISA_USAGE = YES_ERROR;
				CLANG_WARN_EMPTY_BODY = YES;
				CLANG_WARN_ENUM_CONVERSION = YES;
				CLANG_WARN_INT_CONVERSION = YES;
				CLANG_WARN_OBJC_ROOT_CLASS = YES_ERROR;
				CLANG_WARN_UNREACHABLE_CODE = YES;
				CLANG_WARN__DUPLICATE_METHOD_MATCH = YES;
				COPY_PHASE_STRIP = NO;
				DEBUG_INFORMATION_FORMAT = "dwarf-with-dsym";
				ENABLE_NS_ASSERTIONS = NO;
				ENABLE_STRICT_OBJC_MSGSEND = YES;
				GCC_C_LANGUAGE_STANDARD = gnu99;
				GCC_NO_COMMON_BLOCKS = YES;
				GCC_WARN_64_TO_32_BIT_CONVERSION = YES;
				GCC_WARN_ABOUT_RETURN_TYPE = YES_ERROR;
				GCC_WARN_UNDECLARED_SELECTOR = YES;
				GCC_WARN_UNINITIALIZED_AUTOS = YES_AGGRESSIVE;
				GCC_WARN_UNUSED_FUNCTION = YES;
				GCC_WARN_UNUSED_VARIABLE = YES;
				MACOSX_DEPLOYMENT_TARGET = 10.10;
				MTL_ENABLE_DEBUG_INFO = NO;
				SDKROOT = macosx;
			};
			name = Release;
		};
		52D676631BBAEFC70034F5AC /* Debug */ = {
			isa = XCBuildConfiguration;
			buildSettings = {
				PRODUCT_NAME = "$(TARGET_NAME)";
			};
			name = Debug;
		};
		52D676641BBAEFC70034F5AC /* Release */ = {
			isa = XCBuildConfiguration;
			buildSettings = {
				PRODUCT_NAME = "$(TARGET_NAME)";
			};
			name = Release;
		};
/* End XCBuildConfiguration section */

/* Begin XCConfigurationList section */
		52D676561BBAEFC70034F5AC /* Build configuration list for PBXProject "HigherLower" */ = {
			isa = XCConfigurationList;
			buildConfigurations = (
				52D676601BBAEFC70034F5AC /* Debug */,
				52D676611BBAEFC70034F5AC /* Release */,
			);
			defaultConfigurationIsVisible = 0;
			defaultConfigurationName = Release;
		};
		52D676621BBAEFC70034F5AC /* Build configuration list for PBXNativeTarget "HigherLower" */ = {
			isa = XCConfigurationList;
			buildConfigurations = (
				52D676631BBAEFC70034F5AC /* Debug */,
				52D676641BBAEFC70034F5AC /* Release */,
			);
			defaultConfigurationIsVisible = 0;
		};
/* End XCConfigurationList section */
	};
	rootObject = 52D676531BBAEFC70034F5AC /* Project object */;
}
