// !$*UTF8*$!
{
	archiveVersion = 1;
	classes = {
	};
	objectVersion = 46;
	objects = {

/* Begin PBXBuildFile section */
		52D676741BBAF98E0034F5AC /* AppDelegate.swift in Sources */ = {isa = PBXBuildFile; fileRef = 52D676731BBAF98E0034F5AC /* AppDelegate.swift */; };
		52D676761BBAF98E0034F5AC /* ViewController.swift in Sources */ = {isa = PBXBuildFile; fileRef = 52D676751BBAF98E0034F5AC /* ViewController.swift */; };
		52D676791BBAF98E0034F5AC /* Main.storyboard in Resources */ = {isa = PBXBuildFile; fileRef = 52D676771BBAF98E0034F5AC /* Main.storyboard */; };
		52D6767B1BBAF98E0034F5AC /* Assets.xcassets in Resources */ = {isa = PBXBuildFile; fileRef = 52D6767A1BBAF98E0034F5AC /* Assets.xcassets */; };
		52D6767E1BBAF98E0034F5AC /* LaunchScreen.storyboard in Resources */ = {isa = PBXBuildFile; fileRef = 52D6767C1BBAF98E0034F5AC /* LaunchScreen.storyboard */; };
/* End PBXBuildFile section */

/* Begin PBXFileReference section */
		52D676701BBAF98E0034F5AC /* TapMe.app */ = {isa = PBXFileReference; explicitFileType = wrapper.application; includeInIndex = 0; path = TapMe.app; sourceTree = BUILT_PRODUCTS_DIR; };
		52D676731BBAF98E0034F5AC /* AppDelegate.swift */ = {isa = PBXFileReference; lastKnownFileType = sourcecode.swift; path = AppDelegate.swift; sourceTree = "<group>"; };
		52D676751BBAF98E0034F5AC /* ViewController.swift */ = {isa = PBXFileReference; lastKnownFileType = sourcecode.swift; path = ViewController.swift; sourceTree = "<group>"; };
		52D676781BBAF98E0034F5AC /* Base */ = {isa = PBXFileReference; lastKnownFileType = file.storyboard; name = Base; path = Base.lproj/Main.storyboard; sourceTree = "<group>"; };
		52D6767A1BBAF98E0034F5AC /* Assets.xcassets */ = {isa = PBXFileReference; lastKnownFileType = folder.assetcatalog; path = Assets.xcassets; sourceTree = "<group>"; };
		52D6767D1BBAF98E0034F5AC /* Base */ = {isa = PBXFileReference; lastKnownFileType = file.storyboard; name = Base; path = Base.lproj/LaunchScreen.storyboard; sourceTree = "<group>"; };
		52D6767F1BBAF98E0034F5AC /* Info.plist */ = {isa = PBXFileReference; lastKnownFileType = text.plist.xml; path = Info.plist; sourceTree = "<group>"; };
/* End PBXFileReference section */

/* Begin PBXFrameworksBuildPhase section */
		52D6766D1BBAF98E0034F5AC /* Frameworks */ = {
			isa = PBXFrameworksBuildPhase;
			buildActionMask = 2147483647;
			files = (
			);
			runOnlyForDeploymentPostprocessing = 0;
		};
/* End PBXFrameworksBuildPhase section */

/* Begin PBXGroup section */
		52D676671BBAF98E0034F5AC = {
			isa = PBXGroup;
			children = (
				52D676721BBAF98E0034F5AC /* TapMe */,
				52D676711BBAF98E0034F5AC /* Products */,
			);
			sourceTree = "<group>";
		};
		52D676711BBAF98E0034F5AC /* Products */ = {
			isa = PBXGroup;
			children = (
				52D676701BBAF98E0034F5AC /* TapMe.app */,
			);
			name = Products;
			sourceTree = "<group>";
		};
		52D676721BBAF98E0034F5AC /* TapMe */ = {
			isa = PBXGroup;
			children = (
				52D676731BBAF98E0034F5AC /* AppDelegate.swift */,
				52D676751BBAF98E0034F5AC /* ViewController.swift */,
				52D676771BBAF98E0034F5AC /* Main.storyboard */,
				52D6767A1BBAF98E0034F5AC /* Assets.xcassets */,
				52D6767C1BBAF98E0034F5AC /* LaunchScreen.storyboard */,
				52D6767F1BBAF98E0034F5AC /* Info.plist */,
			);
			path = TapMe;
			sourceTree = "<group>";
		};
/* End PBXGroup section */

/* Begin PBXNativeTarget section */
		52D6766F1BBAF98E0034F5AC /* TapMe */ = {
			isa = PBXNativeTarget;
			buildConfigurationList = 52D676821BBAF98E0034F5AC /* Build configuration list for PBXNativeTarget "TapMe" */;
			buildPhases = (
				52D6766C1BBAF98E0034F5AC /* Sources */,
				52D6766D1BBAF98E0034F5AC /* Frameworks */,
				52D6766E1BBAF98E0034F5AC /* Resources */,
			);
			buildRules = (
			);
			dependencies = (
			);
			name = TapMe;
			productName = TapMe;
			productReference = 52D676701BBAF98E0034F5AC /* TapMe.app */;
			productType = "com.apple.product-type.application";
		};
/* End PBXNativeTarget section */

/* Begin PBXProject section */
		52D676681BBAF98E0034F5AC /* Project object */ = {
			isa = PBXProject;
			attributes = {
				LastUpgradeCheck = 0700;
				ORGANIZATIONNAME = "John Bogil";
				TargetAttributes = {
					52D6766F1BBAF98E0034F5AC = {
						CreatedOnToolsVersion = 7.0;
					};
				};
			};
			buildConfigurationList = 52D6766B1BBAF98E0034F5AC /* Build configuration list for PBXProject "TapMe" */;
			compatibilityVersion = "Xcode 3.2";
			developmentRegion = English;
			hasScannedForEncodings = 0;
			knownRegions = (
				en,
				Base,
			);
			mainGroup = 52D676671BBAF98E0034F5AC;
			productRefGroup = 52D676711BBAF98E0034F5AC /* Products */;
			projectDirPath = "";
			projectRoot = "";
			targets = (
				52D6766F1BBAF98E0034F5AC /* TapMe */,
			);
		};
/* End PBXProject section */

/* Begin PBXResourcesBuildPhase section */
		52D6766E1BBAF98E0034F5AC /* Resources */ = {
			isa = PBXResourcesBuildPhase;
			buildActionMask = 2147483647;
			files = (
				52D6767E1BBAF98E0034F5AC /* LaunchScreen.storyboard in Resources */,
				52D6767B1BBAF98E0034F5AC /* Assets.xcassets in Resources */,
				52D676791BBAF98E0034F5AC /* Main.storyboard in Resources */,
			);
			runOnlyForDeploymentPostprocessing = 0;
		};
/* End PBXResourcesBuildPhase section */

/* Begin PBXSourcesBuildPhase section */
		52D6766C1BBAF98E0034F5AC /* Sources */ = {
			isa = PBXSourcesBuildPhase;
			buildActionMask = 2147483647;
			files = (
				52D676761BBAF98E0034F5AC /* ViewController.swift in Sources */,
				52D676741BBAF98E0034F5AC /* AppDelegate.swift in Sources */,
			);
			runOnlyForDeploymentPostprocessing = 0;
		};
/* End PBXSourcesBuildPhase section */

/* Begin PBXVariantGroup section */
		52D676771BBAF98E0034F5AC /* Main.storyboard */ = {
			isa = PBXVariantGroup;
			children = (
				52D676781BBAF98E0034F5AC /* Base */,
			);
			name = Main.storyboard;
			sourceTree = "<group>";
		};
		52D6767C1BBAF98E0034F5AC /* LaunchScreen.storyboard */ = {
			isa = PBXVariantGroup;
			children = (
				52D6767D1BBAF98E0034F5AC /* Base */,
			);
			name = LaunchScreen.storyboard;
			sourceTree = "<group>";
		};
/* End PBXVariantGroup section */

/* Begin XCBuildConfiguration section */
		52D676801BBAF98E0034F5AC /* Debug */ = {
			isa = XCBuildConfiguration;
			buildSettings = {
				ALWAYS_SEARCH_USER_PATHS = NO;
				CLANG_CXX_LANGUAGE_STANDARD = "gnu++0x";
				CLANG_CXX_LIBRARY = "libc++";
				CLANG_ENABLE_MODULES = YES;
				CLANG_ENABLE_OBJC_ARC = YES;
				CLANG_WARN_BOOL_CONVERSION = YES;
				CLANG_WARN_CONSTANT_CONVERSION = YES;
				CLANG_WARN_DIRECT_OBJC_ISA_USAGE = YES_ERROR;
				CLANG_WARN_EMPTY_BODY = YES;
				CLANG_WARN_ENUM_CONVERSION = YES;
				CLANG_WARN_INT_CONVERSION = YES;
				CLANG_WARN_OBJC_ROOT_CLASS = YES_ERROR;
				CLANG_WARN_UNREACHABLE_CODE = YES;
				CLANG_WARN__DUPLICATE_METHOD_MATCH = YES;
				"CODE_SIGN_IDENTITY[sdk=iphoneos*]" = "iPhone Developer";
				COPY_PHASE_STRIP = NO;
				DEBUG_INFORMATION_FORMAT = dwarf;
				ENABLE_STRICT_OBJC_MSGSEND = YES;
				ENABLE_TESTABILITY = YES;
				GCC_C_LANGUAGE_STANDARD = gnu99;
				GCC_DYNAMIC_NO_PIC = NO;
				GCC_NO_COMMON_BLOCKS = YES;
				GCC_OPTIMIZATION_LEVEL = 0;
				GCC_PREPROCESSOR_DEFINITIONS = (
					"DEBUG=1",
					"$(inherited)",
				);
				GCC_WARN_64_TO_32_BIT_CONVERSION = YES;
				GCC_WARN_ABOUT_RETURN_TYPE = YES_ERROR;
				GCC_WARN_UNDECLARED_SELECTOR = YES;
				GCC_WARN_UNINITIALIZED_AUTOS = YES_AGGRESSIVE;
				GCC_WARN_UNUSED_FUNCTION = YES;
				GCC_WARN_UNUSED_VARIABLE = YES;
				IPHONEOS_DEPLOYMENT_TARGET = 9.0;
				MTL_ENABLE_DEBUG_INFO = YES;
				ONLY_ACTIVE_ARCH = YES;
				SDKROOT = iphoneos;
				SWIFT_OPTIMIZATION_LEVEL = "-Onone";
				TARGETED_DEVICE_FAMILY = "1,2";
			};
			name = Debug;
		};
		52D676811BBAF98E0034F5AC /* Release */ = {
			isa = XCBuildConfiguration;
			buildSettings = {
				ALWAYS_SEARCH_USER_PATHS = NO;
				CLANG_CXX_LANGUAGE_STANDARD = "gnu++0x";
				CLANG_CXX_LIBRARY = "libc++";
				CLANG_ENABLE_MODULES = YES;
				CLANG_ENABLE_OBJC_ARC = YES;
				CLANG_WARN_BOOL_CONVERSION = YES;
				CLANG_WARN_CONSTANT_CONVERSION = YES;
				CLANG_WARN_DIRECT_OBJC_ISA_USAGE = YES_ERROR;
				CLANG_WARN_EMPTY_BODY = YES;
				CLANG_WARN_ENUM_CONVERSION = YES;
				CLANG_WARN_INT_CONVERSION = YES;
				CLANG_WARN_OBJC_ROOT_CLASS = YES_ERROR;
				CLANG_WARN_UNREACHABLE_CODE = YES;
				CLANG_WARN__DUPLICATE_METHOD_MATCH = YES;
				"CODE_SIGN_IDENTITY[sdk=iphoneos*]" = "iPhone Developer";
				COPY_PHASE_STRIP = NO;
				DEBUG_INFORMATION_FORMAT = "dwarf-with-dsym";
				ENABLE_NS_ASSERTIONS = NO;
				ENABLE_STRICT_OBJC_MSGSEND = YES;
				GCC_C_LANGUAGE_STANDARD = gnu99;
				GCC_NO_COMMON_BLOCKS = YES;
				GCC_WARN_64_TO_32_BIT_CONVERSION = YES;
				GCC_WARN_ABOUT_RETURN_TYPE = YES_ERROR;
				GCC_WARN_UNDECLARED_SELECTOR = YES;
				GCC_WARN_UNINITIALIZED_AUTOS = YES_AGGRESSIVE;
				GCC_WARN_UNUSED_FUNCTION = YES;
				GCC_WARN_UNUSED_VARIABLE = YES;
				IPHONEOS_DEPLOYMENT_TARGET = 9.0;
				MTL_ENABLE_DEBUG_INFO = NO;
				SDKROOT = iphoneos;
				TARGETED_DEVICE_FAMILY = "1,2";
				VALIDATE_PRODUCT = YES;
			};
			name = Release;
		};
		52D676831BBAF98E0034F5AC /* Debug */ = {
			isa = XCBuildConfiguration;
			buildSettings = {
				ASSETCATALOG_COMPILER_APPICON_NAME = AppIcon;
				INFOPLIST_FILE = TapMe/Info.plist;
				LD_RUNPATH_SEARCH_PATHS = "$(inherited) @executable_path/Frameworks";
				PRODUCT_BUNDLE_IDENTIFIER = johnbogil.TapMe;
				PRODUCT_NAME = "$(TARGET_NAME)";
			};
			name = Debug;
		};
		52D676841BBAF98E0034F5AC /* Release */ = {
			isa = XCBuildConfiguration;
			buildSettings = {
				ASSETCATALOG_COMPILER_APPICON_NAME = AppIcon;
				INFOPLIST_FILE = TapMe/Info.plist;
				LD_RUNPATH_SEARCH_PATHS = "$(inherited) @executable_path/Frameworks";
				PRODUCT_BUNDLE_IDENTIFIER = johnbogil.TapMe;
				PRODUCT_NAME = "$(TARGET_NAME)";
			};
			name = Release;
		};
/* End XCBuildConfiguration section */

/* Begin XCConfigurationList section */
		52D6766B1BBAF98E0034F5AC /* Build configuration list for PBXProject "TapMe" */ = {
			isa = XCConfigurationList;
			buildConfigurations = (
				52D676801BBAF98E0034F5AC /* Debug */,
				52D676811BBAF98E0034F5AC /* Release */,
			);
			defaultConfigurationIsVisible = 0;
			defaultConfigurationName = Release;
		};
		52D676821BBAF98E0034F5AC /* Build configuration list for PBXNativeTarget "TapMe" */ = {
			isa = XCConfigurationList;
			buildConfigurations = (
				52D676831BBAF98E0034F5AC /* Debug */,
				52D676841BBAF98E0034F5AC /* Release */,
			);
			defaultConfigurationIsVisible = 0;
		};
/* End XCConfigurationList section */
	};
	rootObject = 52D676681BBAF98E0034F5AC /* Project object */;
}
